// !$*UTF8*$!
{
	archiveVersion = 1;
	classes = {
	};
	objectVersion = 48;
	objects = {

/* Begin PBXBuildFile section */
		BAC2EB98203E81AE0047ACB3 /* AppDelegate.swift in Sources */ = {isa = PBXBuildFile; fileRef = BAC2EB97203E81AE0047ACB3 /* AppDelegate.swift */; };
		BAC2EB9A203E81AE0047ACB3 /* ViewController.swift in Sources */ = {isa = PBXBuildFile; fileRef = BAC2EB99203E81AE0047ACB3 /* ViewController.swift */; };
		BAC2EB9D203E81AE0047ACB3 /* Main.storyboard in Resources */ = {isa = PBXBuildFile; fileRef = BAC2EB9B203E81AE0047ACB3 /* Main.storyboard */; };
		BAC2EB9F203E81AE0047ACB3 /* Assets.xcassets in Resources */ = {isa = PBXBuildFile; fileRef = BAC2EB9E203E81AE0047ACB3 /* Assets.xcassets */; };
		BAC2EBA2203E81AE0047ACB3 /* LaunchScreen.storyboard in Resources */ = {isa = PBXBuildFile; fileRef = BAC2EBA0203E81AE0047ACB3 /* LaunchScreen.storyboard */; };
		BAC2EBAD203E81AE0047ACB3 /* QuizTests.swift in Sources */ = {isa = PBXBuildFile; fileRef = BAC2EBAC203E81AE0047ACB3 /* QuizTests.swift */; };
		BAC2EBB8203E81AF0047ACB3 /* QuizUITests.swift in Sources */ = {isa = PBXBuildFile; fileRef = BAC2EBB7203E81AF0047ACB3 /* QuizUITests.swift */; };
/* End PBXBuildFile section */

/* Begin PBXContainerItemProxy section */
		BAC2EBA9203E81AE0047ACB3 /* PBXContainerItemProxy */ = {
			isa = PBXContainerItemProxy;
			containerPortal = BAC2EB8C203E81AE0047ACB3 /* Project object */;
			proxyType = 1;
			remoteGlobalIDString = BAC2EB93203E81AE0047ACB3;
			remoteInfo = Quiz;
		};
		BAC2EBB4203E81AF0047ACB3 /* PBXContainerItemProxy */ = {
			isa = PBXContainerItemProxy;
			containerPortal = BAC2EB8C203E81AE0047ACB3 /* Project object */;
			proxyType = 1;
			remoteGlobalIDString = BAC2EB93203E81AE0047ACB3;
			remoteInfo = Quiz;
		};
/* End PBXContainerItemProxy section */

/* Begin PBXFileReference section */
		BAC2EB94203E81AE0047ACB3 /* Quiz.app */ = {isa = PBXFileReference; explicitFileType = wrapper.application; includeInIndex = 0; path = Quiz.app; sourceTree = BUILT_PRODUCTS_DIR; };
		BAC2EB97203E81AE0047ACB3 /* AppDelegate.swift */ = {isa = PBXFileReference; lastKnownFileType = sourcecode.swift; path = AppDelegate.swift; sourceTree = "<group>"; };
		BAC2EB99203E81AE0047ACB3 /* ViewController.swift */ = {isa = PBXFileReference; lastKnownFileType = sourcecode.swift; path = ViewController.swift; sourceTree = "<group>"; };
		BAC2EB9C203E81AE0047ACB3 /* Base */ = {isa = PBXFileReference; lastKnownFileType = file.storyboard; name = Base; path = Base.lproj/Main.storyboard; sourceTree = "<group>"; };
		BAC2EB9E203E81AE0047ACB3 /* Assets.xcassets */ = {isa = PBXFileReference; lastKnownFileType = folder.assetcatalog; path = Assets.xcassets; sourceTree = "<group>"; };
		BAC2EBA1203E81AE0047ACB3 /* Base */ = {isa = PBXFileReference; lastKnownFileType = file.storyboard; name = Base; path = Base.lproj/LaunchScreen.storyboard; sourceTree = "<group>"; };
		BAC2EBA3203E81AE0047ACB3 /* Info.plist */ = {isa = PBXFileReference; lastKnownFileType = text.plist.xml; path = Info.plist; sourceTree = "<group>"; };
		BAC2EBA8203E81AE0047ACB3 /* QuizTests.xctest */ = {isa = PBXFileReference; explicitFileType = wrapper.cfbundle; includeInIndex = 0; path = QuizTests.xctest; sourceTree = BUILT_PRODUCTS_DIR; };
		BAC2EBAC203E81AE0047ACB3 /* QuizTests.swift */ = {isa = PBXFileReference; lastKnownFileType = sourcecode.swift; path = QuizTests.swift; sourceTree = "<group>"; };
		BAC2EBAE203E81AF0047ACB3 /* Info.plist */ = {isa = PBXFileReference; lastKnownFileType = text.plist.xml; path = Info.plist; sourceTree = "<group>"; };
		BAC2EBB3203E81AF0047ACB3 /* QuizUITests.xctest */ = {isa = PBXFileReference; explicitFileType = wrapper.cfbundle; includeInIndex = 0; path = QuizUITests.xctest; sourceTree = BUILT_PRODUCTS_DIR; };
		BAC2EBB7203E81AF0047ACB3 /* QuizUITests.swift */ = {isa = PBXFileReference; lastKnownFileType = sourcecode.swift; path = QuizUITests.swift; sourceTree = "<group>"; };
		BAC2EBB9203E81AF0047ACB3 /* Info.plist */ = {isa = PBXFileReference; lastKnownFileType = text.plist.xml; path = Info.plist; sourceTree = "<group>"; };
/* End PBXFileReference section */

/* Begin PBXFrameworksBuildPhase section */
		BAC2EB91203E81AE0047ACB3 /* Frameworks */ = {
			isa = PBXFrameworksBuildPhase;
			buildActionMask = 2147483647;
			files = (
			);
			runOnlyForDeploymentPostprocessing = 0;
		};
		BAC2EBA5203E81AE0047ACB3 /* Frameworks */ = {
			isa = PBXFrameworksBuildPhase;
			buildActionMask = 2147483647;
			files = (
			);
			runOnlyForDeploymentPostprocessing = 0;
		};
		BAC2EBB0203E81AF0047ACB3 /* Frameworks */ = {
			isa = PBXFrameworksBuildPhase;
			buildActionMask = 2147483647;
			files = (
			);
			runOnlyForDeploymentPostprocessing = 0;
		};
/* End PBXFrameworksBuildPhase section */

/* Begin PBXGroup section */
		BAC2EB8B203E81AE0047ACB3 = {
			isa = PBXGroup;
			children = (
				BAC2EB96203E81AE0047ACB3 /* Quiz */,
				BAC2EBAB203E81AE0047ACB3 /* QuizTests */,
				BAC2EBB6203E81AF0047ACB3 /* QuizUITests */,
				BAC2EB95203E81AE0047ACB3 /* Products */,
			);
			sourceTree = "<group>";
		};
		BAC2EB95203E81AE0047ACB3 /* Products */ = {
			isa = PBXGroup;
			children = (
				BAC2EB94203E81AE0047ACB3 /* Quiz.app */,
				BAC2EBA8203E81AE0047ACB3 /* QuizTests.xctest */,
				BAC2EBB3203E81AF0047ACB3 /* QuizUITests.xctest */,
			);
			name = Products;
			sourceTree = "<group>";
		};
		BAC2EB96203E81AE0047ACB3 /* Quiz */ = {
			isa = PBXGroup;
			children = (
				BAC2EB97203E81AE0047ACB3 /* AppDelegate.swift */,
				BAC2EB99203E81AE0047ACB3 /* ViewController.swift */,
				BAC2EB9B203E81AE0047ACB3 /* Main.storyboard */,
				BAC2EB9E203E81AE0047ACB3 /* Assets.xcassets */,
				BAC2EBA0203E81AE0047ACB3 /* LaunchScreen.storyboard */,
				BAC2EBA3203E81AE0047ACB3 /* Info.plist */,
			);
			path = Quiz;
			sourceTree = "<group>";
		};
		BAC2EBAB203E81AE0047ACB3 /* QuizTests */ = {
			isa = PBXGroup;
			children = (
				BAC2EBAC203E81AE0047ACB3 /* QuizTests.swift */,
				BAC2EBAE203E81AF0047ACB3 /* Info.plist */,
			);
			path = QuizTests;
			sourceTree = "<group>";
		};
		BAC2EBB6203E81AF0047ACB3 /* QuizUITests */ = {
			isa = PBXGroup;
			children = (
				BAC2EBB7203E81AF0047ACB3 /* QuizUITests.swift */,
				BAC2EBB9203E81AF0047ACB3 /* Info.plist */,
			);
			path = QuizUITests;
			sourceTree = "<group>";
		};
/* End PBXGroup section */

/* Begin PBXNativeTarget section */
		BAC2EB93203E81AE0047ACB3 /* Quiz */ = {
			isa = PBXNativeTarget;
			buildConfigurationList = BAC2EBBC203E81AF0047ACB3 /* Build configuration list for PBXNativeTarget "Quiz" */;
			buildPhases = (
				BAC2EB90203E81AE0047ACB3 /* Sources */,
				BAC2EB91203E81AE0047ACB3 /* Frameworks */,
				BAC2EB92203E81AE0047ACB3 /* Resources */,
			);
			buildRules = (
			);
			dependencies = (
			);
			name = Quiz;
			productName = Quiz;
			productReference = BAC2EB94203E81AE0047ACB3 /* Quiz.app */;
			productType = "com.apple.product-type.application";
		};
		BAC2EBA7203E81AE0047ACB3 /* QuizTests */ = {
			isa = PBXNativeTarget;
			buildConfigurationList = BAC2EBBF203E81AF0047ACB3 /* Build configuration list for PBXNativeTarget "QuizTests" */;
			buildPhases = (
				BAC2EBA4203E81AE0047ACB3 /* Sources */,
				BAC2EBA5203E81AE0047ACB3 /* Frameworks */,
				BAC2EBA6203E81AE0047ACB3 /* Resources */,
			);
			buildRules = (
			);
			dependencies = (
				BAC2EBAA203E81AE0047ACB3 /* PBXTargetDependency */,
			);
			name = QuizTests;
			productName = QuizTests;
			productReference = BAC2EBA8203E81AE0047ACB3 /* QuizTests.xctest */;
			productType = "com.apple.product-type.bundle.unit-test";
		};
		BAC2EBB2203E81AF0047ACB3 /* QuizUITests */ = {
			isa = PBXNativeTarget;
			buildConfigurationList = BAC2EBC2203E81AF0047ACB3 /* Build configuration list for PBXNativeTarget "QuizUITests" */;
			buildPhases = (
				BAC2EBAF203E81AF0047ACB3 /* Sources */,
				BAC2EBB0203E81AF0047ACB3 /* Frameworks */,
				BAC2EBB1203E81AF0047ACB3 /* Resources */,
			);
			buildRules = (
			);
			dependencies = (
				BAC2EBB5203E81AF0047ACB3 /* PBXTargetDependency */,
			);
			name = QuizUITests;
			productName = QuizUITests;
			productReference = BAC2EBB3203E81AF0047ACB3 /* QuizUITests.xctest */;
			productType = "com.apple.product-type.bundle.ui-testing";
		};
/* End PBXNativeTarget section */

/* Begin PBXProject section */
		BAC2EB8C203E81AE0047ACB3 /* Project object */ = {
			isa = PBXProject;
			attributes = {
				LastSwiftUpdateCheck = 0920;
				LastUpgradeCheck = 0920;
				ORGANIZATIONNAME = "iOS Lab";
				TargetAttributes = {
					BAC2EB93203E81AE0047ACB3 = {
						CreatedOnToolsVersion = 9.2;
						ProvisioningStyle = Automatic;
					};
					BAC2EBA7203E81AE0047ACB3 = {
						CreatedOnToolsVersion = 9.2;
						ProvisioningStyle = Automatic;
						TestTargetID = BAC2EB93203E81AE0047ACB3;
					};
					BAC2EBB2203E81AF0047ACB3 = {
						CreatedOnToolsVersion = 9.2;
						ProvisioningStyle = Automatic;
						TestTargetID = BAC2EB93203E81AE0047ACB3;
					};
				};
			};
			buildConfigurationList = BAC2EB8F203E81AE0047ACB3 /* Build configuration list for PBXProject "Quiz" */;
			compatibilityVersion = "Xcode 8.0";
			developmentRegion = en;
			hasScannedForEncodings = 0;
			knownRegions = (
				en,
				Base,
			);
			mainGroup = BAC2EB8B203E81AE0047ACB3;
			productRefGroup = BAC2EB95203E81AE0047ACB3 /* Products */;
			projectDirPath = "";
			projectRoot = "";
			targets = (
				BAC2EB93203E81AE0047ACB3 /* Quiz */,
				BAC2EBA7203E81AE0047ACB3 /* QuizTests */,
				BAC2EBB2203E81AF0047ACB3 /* QuizUITests */,
			);
		};
/* End PBXProject section */

/* Begin PBXResourcesBuildPhase section */
		BAC2EB92203E81AE0047ACB3 /* Resources */ = {
			isa = PBXResourcesBuildPhase;
			buildActionMask = 2147483647;
			files = (
				BAC2EBA2203E81AE0047ACB3 /* LaunchScreen.storyboard in Resources */,
				BAC2EB9F203E81AE0047ACB3 /* Assets.xcassets in Resources */,
				BAC2EB9D203E81AE0047ACB3 /* Main.storyboard in Resources */,
			);
			runOnlyForDeploymentPostprocessing = 0;
		};
		BAC2EBA6203E81AE0047ACB3 /* Resources */ = {
			isa = PBXResourcesBuildPhase;
			buildActionMask = 2147483647;
			files = (
			);
			runOnlyForDeploymentPostprocessing = 0;
		};
		BAC2EBB1203E81AF0047ACB3 /* Resources */ = {
			isa = PBXResourcesBuildPhase;
			buildActionMask = 2147483647;
			files = (
			);
			runOnlyForDeploymentPostprocessing = 0;
		};
/* End PBXResourcesBuildPhase section */

/* Begin PBXSourcesBuildPhase section */
		BAC2EB90203E81AE0047ACB3 /* Sources */ = {
			isa = PBXSourcesBuildPhase;
			buildActionMask = 2147483647;
			files = (
				BAC2EB9A203E81AE0047ACB3 /* ViewController.swift in Sources */,
				BAC2EB98203E81AE0047ACB3 /* AppDelegate.swift in Sources */,
			);
			runOnlyForDeploymentPostprocessing = 0;
		};
		BAC2EBA4203E81AE0047ACB3 /* Sources */ = {
			isa = PBXSourcesBuildPhase;
			buildActionMask = 2147483647;
			files = (
				BAC2EBAD203E81AE0047ACB3 /* QuizTests.swift in Sources */,
			);
			runOnlyForDeploymentPostprocessing = 0;
		};
		BAC2EBAF203E81AF0047ACB3 /* Sources */ = {
			isa = PBXSourcesBuildPhase;
			buildActionMask = 2147483647;
			files = (
				BAC2EBB8203E81AF0047ACB3 /* QuizUITests.swift in Sources */,
			);
			runOnlyForDeploymentPostprocessing = 0;
		};
/* End PBXSourcesBuildPhase section */

/* Begin PBXTargetDependency section */
		BAC2EBAA203E81AE0047ACB3 /* PBXTargetDependency */ = {
			isa = PBXTargetDependency;
			target = BAC2EB93203E81AE0047ACB3 /* Quiz */;
			targetProxy = BAC2EBA9203E81AE0047ACB3 /* PBXContainerItemProxy */;
		};
		BAC2EBB5203E81AF0047ACB3 /* PBXTargetDependency */ = {
			isa = PBXTargetDependency;
			target = BAC2EB93203E81AE0047ACB3 /* Quiz */;
			targetProxy = BAC2EBB4203E81AF0047ACB3 /* PBXContainerItemProxy */;
		};
/* End PBXTargetDependency section */

/* Begin PBXVariantGroup section */
		BAC2EB9B203E81AE0047ACB3 /* Main.storyboard */ = {
			isa = PBXVariantGroup;
			children = (
				BAC2EB9C203E81AE0047ACB3 /* Base */,
			);
			name = Main.storyboard;
			sourceTree = "<group>";
		};
		BAC2EBA0203E81AE0047ACB3 /* LaunchScreen.storyboard */ = {
			isa = PBXVariantGroup;
			children = (
				BAC2EBA1203E81AE0047ACB3 /* Base */,
			);
			name = LaunchScreen.storyboard;
			sourceTree = "<group>";
		};
/* End PBXVariantGroup section */

/* Begin XCBuildConfiguration section */
		BAC2EBBA203E81AF0047ACB3 /* Debug */ = {
			isa = XCBuildConfiguration;
			buildSettings = {
				ALWAYS_SEARCH_USER_PATHS = NO;
				CLANG_ANALYZER_NONNULL = YES;
				CLANG_ANALYZER_NUMBER_OBJECT_CONVERSION = YES_AGGRESSIVE;
				CLANG_CXX_LANGUAGE_STANDARD = "gnu++14";
				CLANG_CXX_LIBRARY = "libc++";
				CLANG_ENABLE_MODULES = YES;
				CLANG_ENABLE_OBJC_ARC = YES;
				CLANG_WARN_BLOCK_CAPTURE_AUTORELEASING = YES;
				CLANG_WARN_BOOL_CONVERSION = YES;
				CLANG_WARN_COMMA = YES;
				CLANG_WARN_CONSTANT_CONVERSION = YES;
				CLANG_WARN_DIRECT_OBJC_ISA_USAGE = YES_ERROR;
				CLANG_WARN_DOCUMENTATION_COMMENTS = YES;
				CLANG_WARN_EMPTY_BODY = YES;
				CLANG_WARN_ENUM_CONVERSION = YES;
				CLANG_WARN_INFINITE_RECURSION = YES;
				CLANG_WARN_INT_CONVERSION = YES;
				CLANG_WARN_NON_LITERAL_NULL_CONVERSION = YES;
				CLANG_WARN_OBJC_LITERAL_CONVERSION = YES;
				CLANG_WARN_OBJC_ROOT_CLASS = YES_ERROR;
				CLANG_WARN_RANGE_LOOP_ANALYSIS = YES;
				CLANG_WARN_STRICT_PROTOTYPES = YES;
				CLANG_WARN_SUSPICIOUS_MOVE = YES;
				CLANG_WARN_UNGUARDED_AVAILABILITY = YES_AGGRESSIVE;
				CLANG_WARN_UNREACHABLE_CODE = YES;
				CLANG_WARN__DUPLICATE_METHOD_MATCH = YES;
				CODE_SIGN_IDENTITY = "iPhone Developer";
				COPY_PHASE_STRIP = NO;
				DEBUG_INFORMATION_FORMAT = dwarf;
				ENABLE_STRICT_OBJC_MSGSEND = YES;
				ENABLE_TESTABILITY = YES;
				GCC_C_LANGUAGE_STANDARD = gnu11;
				GCC_DYNAMIC_NO_PIC = NO;
				GCC_NO_COMMON_BLOCKS = YES;
				GCC_OPTIMIZATION_LEVEL = 0;
				GCC_PREPROCESSOR_DEFINITIONS = (
					"DEBUG=1",
					"$(inherited)",
				);
				GCC_WARN_64_TO_32_BIT_CONVERSION = YES;
				GCC_WARN_ABOUT_RETURN_TYPE = YES_ERROR;
				GCC_WARN_UNDECLARED_SELECTOR = YES;
				GCC_WARN_UNINITIALIZED_AUTOS = YES_AGGRESSIVE;
				GCC_WARN_UNUSED_FUNCTION = YES;
				GCC_WARN_UNUSED_VARIABLE = YES;
				IPHONEOS_DEPLOYMENT_TARGET = 11.2;
				MTL_ENABLE_DEBUG_INFO = YES;
				ONLY_ACTIVE_ARCH = YES;
				SDKROOT = iphoneos;
				SWIFT_ACTIVE_COMPILATION_CONDITIONS = DEBUG;
				SWIFT_OPTIMIZATION_LEVEL = "-Onone";
			};
			name = Debug;
		};
		BAC2EBBB203E81AF0047ACB3 /* Release */ = {
			isa = XCBuildConfiguration;
			buildSettings = {
				ALWAYS_SEARCH_USER_PATHS = NO;
				CLANG_ANALYZER_NONNULL = YES;
				CLANG_ANALYZER_NUMBER_OBJECT_CONVERSION = YES_AGGRESSIVE;
				CLANG_CXX_LANGUAGE_STANDARD = "gnu++14";
				CLANG_CXX_LIBRARY = "libc++";
				CLANG_ENABLE_MODULES = YES;
				CLANG_ENABLE_OBJC_ARC = YES;
				CLANG_WARN_BLOCK_CAPTURE_AUTORELEASING = YES;
				CLANG_WARN_BOOL_CONVERSION = YES;
				CLANG_WARN_COMMA = YES;
				CLANG_WARN_CONSTANT_CONVERSION = YES;
				CLANG_WARN_DIRECT_OBJC_ISA_USAGE = YES_ERROR;
				CLANG_WARN_DOCUMENTATION_COMMENTS = YES;
				CLANG_WARN_EMPTY_BODY = YES;
				CLANG_WARN_ENUM_CONVERSION = YES;
				CLANG_WARN_INFINITE_RECURSION = YES;
				CLANG_WARN_INT_CONVERSION = YES;
				CLANG_WARN_NON_LITERAL_NULL_CONVERSION = YES;
				CLANG_WARN_OBJC_LITERAL_CONVERSION = YES;
				CLANG_WARN_OBJC_ROOT_CLASS = YES_ERROR;
				CLANG_WARN_RANGE_LOOP_ANALYSIS = YES;
				CLANG_WARN_STRICT_PROTOTYPES = YES;
				CLANG_WARN_SUSPICIOUS_MOVE = YES;
				CLANG_WARN_UNGUARDED_AVAILABILITY = YES_AGGRESSIVE;
				CLANG_WARN_UNREACHABLE_CODE = YES;
				CLANG_WARN__DUPLICATE_METHOD_MATCH = YES;
				CODE_SIGN_IDENTITY = "iPhone Developer";
				COPY_PHASE_STRIP = NO;
				DEBUG_INFORMATION_FORMAT = "dwarf-with-dsym";
				ENABLE_NS_ASSERTIONS = NO;
				ENABLE_STRICT_OBJC_MSGSEND = YES;
				GCC_C_LANGUAGE_STANDARD = gnu11;
				GCC_NO_COMMON_BLOCKS = YES;
				GCC_WARN_64_TO_32_BIT_CONVERSION = YES;
				GCC_WARN_ABOUT_RETURN_TYPE = YES_ERROR;
				GCC_WARN_UNDECLARED_SELECTOR = YES;
				GCC_WARN_UNINITIALIZED_AUTOS = YES_AGGRESSIVE;
				GCC_WARN_UNUSED_FUNCTION = YES;
				GCC_WARN_UNUSED_VARIABLE = YES;
				IPHONEOS_DEPLOYMENT_TARGET = 11.2;
				MTL_ENABLE_DEBUG_INFO = NO;
				SDKROOT = iphoneos;
				SWIFT_OPTIMIZATION_LEVEL = "-Owholemodule";
				VALIDATE_PRODUCT = YES;
			};
			name = Release;
		};
		BAC2EBBD203E81AF0047ACB3 /* Debug */ = {
			isa = XCBuildConfiguration;
			buildSettings = {
				ASSETCATALOG_COMPILER_APPICON_NAME = AppIcon;
				CODE_SIGN_STYLE = Automatic;
				INFOPLIST_FILE = Quiz/Info.plist;
				LD_RUNPATH_SEARCH_PATHS = "$(inherited) @executable_path/Frameworks";
				PRODUCT_BUNDLE_IDENTIFIER = com.ioslab.Quiz;
				PRODUCT_NAME = "$(TARGET_NAME)";
				SWIFT_VERSION = 4.0;
				TARGETED_DEVICE_FAMILY = "1,2";
			};
			name = Debug;
		};
		BAC2EBBE203E81AF0047ACB3 /* Release */ = {
			isa = XCBuildConfiguration;
			buildSettings = {
				ASSETCATALOG_COMPILER_APPICON_NAME = AppIcon;
				CODE_SIGN_STYLE = Automatic;
				INFOPLIST_FILE = Quiz/Info.plist;
				LD_RUNPATH_SEARCH_PATHS = "$(inherited) @executable_path/Frameworks";
				PRODUCT_BUNDLE_IDENTIFIER = com.ioslab.Quiz;
				PRODUCT_NAME = "$(TARGET_NAME)";
				SWIFT_VERSION = 4.0;
				TARGETED_DEVICE_FAMILY = "1,2";
			};
			name = Release;
		};
		BAC2EBC0203E81AF0047ACB3 /* Debug */ = {
			isa = XCBuildConfiguration;
			buildSettings = {
				ALWAYS_EMBED_SWIFT_STANDARD_LIBRARIES = YES;
				BUNDLE_LOADER = "$(TEST_HOST)";
				CODE_SIGN_STYLE = Automatic;
				INFOPLIST_FILE = QuizTests/Info.plist;
				LD_RUNPATH_SEARCH_PATHS = "$(inherited) @executable_path/Frameworks @loader_path/Frameworks";
				PRODUCT_BUNDLE_IDENTIFIER = com.ioslab.QuizTests;
				PRODUCT_NAME = "$(TARGET_NAME)";
				SWIFT_VERSION = 4.0;
				TARGETED_DEVICE_FAMILY = "1,2";
				TEST_HOST = "$(BUILT_PRODUCTS_DIR)/Quiz.app/Quiz";
			};
			name = Debug;
		};
		BAC2EBC1203E81AF0047ACB3 /* Release */ = {
			isa = XCBuildConfiguration;
			buildSettings = {
				ALWAYS_EMBED_SWIFT_STANDARD_LIBRARIES = YES;
				BUNDLE_LOADER = "$(TEST_HOST)";
				CODE_SIGN_STYLE = Automatic;
				INFOPLIST_FILE = QuizTests/Info.plist;
				LD_RUNPATH_SEARCH_PATHS = "$(inherited) @executable_path/Frameworks @loader_path/Frameworks";
				PRODUCT_BUNDLE_IDENTIFIER = com.ioslab.QuizTests;
				PRODUCT_NAME = "$(TARGET_NAME)";
				SWIFT_VERSION = 4.0;
				TARGETED_DEVICE_FAMILY = "1,2";
				TEST_HOST = "$(BUILT_PRODUCTS_DIR)/Quiz.app/Quiz";
			};
			name = Release;
		};
		BAC2EBC3203E81AF0047ACB3 /* Debug */ = {
			isa = XCBuildConfiguration;
			buildSettings = {
				ALWAYS_EMBED_SWIFT_STANDARD_LIBRARIES = YES;
				CODE_SIGN_STYLE = Automatic;
				INFOPLIST_FILE = QuizUITests/Info.plist;
				LD_RUNPATH_SEARCH_PATHS = "$(inherited) @executable_path/Frameworks @loader_path/Frameworks";
				PRODUCT_BUNDLE_IDENTIFIER = com.ioslab.QuizUITests;
				PRODUCT_NAME = "$(TARGET_NAME)";
				SWIFT_VERSION = 4.0;
				TARGETED_DEVICE_FAMILY = "1,2";
				TEST_TARGET_NAME = Quiz;
			};
			name = Debug;
		};
		BAC2EBC4203E81AF0047ACB3 /* Release */ = {
			isa = XCBuildConfiguration;
			buildSettings = {
				ALWAYS_EMBED_SWIFT_STANDARD_LIBRARIES = YES;
				CODE_SIGN_STYLE = Automatic;
				INFOPLIST_FILE = QuizUITests/Info.plist;
				LD_RUNPATH_SEARCH_PATHS = "$(inherited) @executable_path/Frameworks @loader_path/Frameworks";
				PRODUCT_BUNDLE_IDENTIFIER = com.ioslab.QuizUITests;
				PRODUCT_NAME = "$(TARGET_NAME)";
				SWIFT_VERSION = 4.0;
				TARGETED_DEVICE_FAMILY = "1,2";
				TEST_TARGET_NAME = Quiz;
			};
			name = Release;
		};
/* End XCBuildConfiguration section */

/* Begin XCConfigurationList section */
		BAC2EB8F203E81AE0047ACB3 /* Build configuration list for PBXProject "Quiz" */ = {
			isa = XCConfigurationList;
			buildConfigurations = (
				BAC2EBBA203E81AF0047ACB3 /* Debug */,
				BAC2EBBB203E81AF0047ACB3 /* Release */,
			);
			defaultConfigurationIsVisible = 0;
			defaultConfigurationName = Release;
		};
		BAC2EBBC203E81AF0047ACB3 /* Build configuration list for PBXNativeTarget "Quiz" */ = {
			isa = XCConfigurationList;
			buildConfigurations = (
				BAC2EBBD203E81AF0047ACB3 /* Debug */,
				BAC2EBBE203E81AF0047ACB3 /* Release */,
			);
			defaultConfigurationIsVisible = 0;
			defaultConfigurationName = Release;
		};
		BAC2EBBF203E81AF0047ACB3 /* Build configuration list for PBXNativeTarget "QuizTests" */ = {
			isa = XCConfigurationList;
			buildConfigurations = (
				BAC2EBC0203E81AF0047ACB3 /* Debug */,
				BAC2EBC1203E81AF0047ACB3 /* Release */,
			);
			defaultConfigurationIsVisible = 0;
			defaultConfigurationName = Release;
		};
		BAC2EBC2203E81AF0047ACB3 /* Build configuration list for PBXNativeTarget "QuizUITests" */ = {
			isa = XCConfigurationList;
			buildConfigurations = (
				BAC2EBC3203E81AF0047ACB3 /* Debug */,
				BAC2EBC4203E81AF0047ACB3 /* Release */,
			);
			defaultConfigurationIsVisible = 0;
			defaultConfigurationName = Release;
		};
/* End XCConfigurationList section */
	};
	rootObject = BAC2EB8C203E81AE0047ACB3 /* Project object */;
}
